
Microsoft Visual Studio Solution File, Format Version 12.00
# Visual Studio 15
VisualStudioVersion = 15.0.27703.2047
MinimumVisualStudioVersion = 10.0.40219.1
Project("{8BC9CEB8-8B4A-11D0-8D11-00A0C91BC942}") = "Util", "Util\Util.vcxproj", "{1A1C2295-5251-42A2-A088-3E027FA34795}"
EndProject
Project("{8BC9CEB8-8B4A-11D0-8D11-00A0C91BC942}") = "CycleQuickLooks", "CycleQuickLooks\CycleQuickLooks.vcxproj", "{9FD9E482-7A36-4B3A-B352-79C35D744F98}"
EndProject
Project("{8BC9CEB8-8B4A-11D0-8D11-00A0C91BC942}") = "BetterMouseYoke", "BetterMouseYoke\BetterMouseYoke.vcxproj", "{D9E54848-F19F-4DBD-B4EC-4871922541CA}"
EndProject
Global
	GlobalSection(SolutionConfigurationPlatforms) = preSolution
		Debug|x64 = Debug|x64
		Debug|x86 = Debug|x86
		Release|x64 = Release|x64
		Release|x86 = Release|x86
	EndGlobalSection
	GlobalSection(ProjectConfigurationPlatforms) = postSolution
		{1A1C2295-5251-42A2-A088-3E027FA34795}.Debug|x64.ActiveCfg = Debug|x64
		{1A1C2295-5251-42A2-A088-3E027FA34795}.Debug|x64.Build.0 = Debug|x64
		{1A1C2295-5251-42A2-A088-3E027FA34795}.Debug|x86.ActiveCfg = Debug|Win32
		{1A1C2295-5251-42A2-A088-3E027FA34795}.Debug|x86.Build.0 = Debug|Win32
		{1A1C2295-5251-42A2-A088-3E027FA34795}.Release|x64.ActiveCfg = Release|x64
		{1A1C2295-5251-42A2-A088-3E027FA34795}.Release|x64.Build.0 = Release|x64
		{1A1C2295-5251-42A2-A088-3E027FA34795}.Release|x86.ActiveCfg = Release|Win32
		{1A1C2295-5251-42A2-A088-3E027FA34795}.Release|x86.Build.0 = Release|Win32
		{9FD9E482-7A36-4B3A-B352-79C35D744F98}.Debug|x64.ActiveCfg = Debug|x64
		{9FD9E482-7A36-4B3A-B352-79C35D744F98}.Debug|x64.Build.0 = Debug|x64
		{9FD9E482-7A36-4B3A-B352-79C35D744F98}.Debug|x86.ActiveCfg = Debug|Win32
		{9FD9E482-7A36-4B3A-B352-79C35D744F98}.Debug|x86.Build.0 = Debug|Win32
		{9FD9E482-7A36-4B3A-B352-79C35D744F98}.Release|x64.ActiveCfg = Release|x64
		{9FD9E482-7A36-4B3A-B352-79C35D744F98}.Release|x64.Build.0 = Release|x64
		{9FD9E482-7A36-4B3A-B352-79C35D744F98}.Release|x86.ActiveCfg = Release|Win32
		{9FD9E482-7A36-4B3A-B352-79C35D744F98}.Release|x86.Build.0 = Release|Win32
		{D9E54848-F19F-4DBD-B4EC-4871922541CA}.Debug|x64.ActiveCfg = Debug|x64
		{D9E54848-F19F-4DBD-B4EC-4871922541CA}.Debug|x64.Build.0 = Debug|x64
		{D9E54848-F19F-4DBD-B4EC-4871922541CA}.Debug|x86.ActiveCfg = Debug|Win32
		{D9E54848-F19F-4DBD-B4EC-4871922541CA}.Debug|x86.Build.0 = Debug|Win32
		{D9E54848-F19F-4DBD-B4EC-4871922541CA}.Release|x64.ActiveCfg = Release|x64
		{D9E54848-F19F-4DBD-B4EC-4871922541CA}.Release|x64.Build.0 = Release|x64
		{D9E54848-F19F-4DBD-B4EC-4871922541CA}.Release|x86.ActiveCfg = Release|Win32
		{D9E54848-F19F-4DBD-B4EC-4871922541CA}.Release|x86.Build.0 = Release|Win32
	EndGlobalSection
	GlobalSection(SolutionProperties) = preSolution
		HideSolutionNode = FALSE
	EndGlobalSection
	GlobalSection(ExtensibilityGlobals) = postSolution
		SolutionGuid = {13322CE0-55F9-495F-A49E-A938D4A5BDE3}
	EndGlobalSection
EndGlobal
